# This file is automatically @generated by Cargo.
# It is not intended for manual editing.
version = 4

[[package]]
name = "arrangement-engine"
version = "1.0.0"
dependencies = [
 "harmony-engine",
 "music-analysis",
 "music-domain",
 "qjson",
 "theory-kb",
]

[[package]]
name = "harmony-engine"
version = "1.0.0"
dependencies = [
 "music-analysis",
 "music-domain",
 "qjson",
 "theory-kb",
]

[[package]]
name = "loop-engine"
version = "1.0.0"
dependencies = [
 "harmony-engine",
 "music-analysis",
 "music-domain",
 "qjson",
 "theory-kb",
]

[[package]]
name = "music-analysis"
version = "1.0.0"
dependencies = [
 "music-domain",
 "qjson",
 "theory-kb",
]

[[package]]
name = "music-domain"
version = "1.0.0"
dependencies = [
 "qjson",
]

[[package]]
name = "qjson"
version = "1.0.0"

[[package]]
name = "reaper-ipc"
version = "1.0.0"
dependencies = [
 "music-domain",
 "qjson",
]

[[package]]
name = "reaper-music-mcp"
version = "1.0.0"
dependencies = [
 "arrangement-engine",
 "harmony-engine",
 "loop-engine",
 "music-analysis",
 "music-domain",
 "qjson",
 "reaper-ipc",
 "theory-kb",
]

[[package]]
name = "theory-kb"
version = "1.0.0"
dependencies = [
 "music-domain",
 "qjson",
]

[[package]]
name = "xtask"
version = "1.0.0"
dependencies = [
 "qjson",
 "theory-kb",
]
